
Microsoft Visual Studio Solution File, Format Version 12.00
# Visual Studio 15
VisualStudioVersion = 15.0.28307.705
MinimumVisualStudioVersion = 10.0.40219.1
Project("{FAE04EC0-301F-11D3-BF4B-00C04F79EFBC}") = "HomeWork_14", "HomeWork_13\HomeWork_14.csproj", "{E502C744-2B68-418F-B534-F5593242FFDF}"
EndProject
Project("{FAE04EC0-301F-11D3-BF4B-00C04F79EFBC}") = "BankClassLibrary", "C:\Users\o.petrov\source\repos\BankClassLibrary\BankClassLibrary\BankClassLibrary.csproj", "{F33F468D-1231-41DB-97E0-2AF4892C68A2}"
EndProject
Project("{FAE04EC0-301F-11D3-BF4B-00C04F79EFBC}") = "CustomExceptions", "CustomExceptions\CustomExceptions.csproj", "{F733A503-301A-4152-AE4E-A0C107400BBA}"
EndProject
Global
	GlobalSection(SolutionConfigurationPlatforms) = preSolution
		Debug|Any CPU = Debug|Any CPU
		Release|Any CPU = Release|Any CPU
	EndGlobalSection
	GlobalSection(ProjectConfigurationPlatforms) = postSolution
		{E502C744-2B68-418F-B534-F5593242FFDF}.Debug|Any CPU.ActiveCfg = Debug|Any CPU
		{E502C744-2B68-418F-B534-F5593242FFDF}.Debug|Any CPU.Build.0 = Debug|Any CPU
		{E502C744-2B68-418F-B534-F5593242FFDF}.Release|Any CPU.ActiveCfg = Release|Any CPU
		{E502C744-2B68-418F-B534-F5593242FFDF}.Release|Any CPU.Build.0 = Release|Any CPU
		{F33F468D-1231-41DB-97E0-2AF4892C68A2}.Debug|Any CPU.ActiveCfg = Debug|Any CPU
		{F33F468D-1231-41DB-97E0-2AF4892C68A2}.Debug|Any CPU.Build.0 = Debug|Any CPU
		{F33F468D-1231-41DB-97E0-2AF4892C68A2}.Release|Any CPU.ActiveCfg = Release|Any CPU
		{F33F468D-1231-41DB-97E0-2AF4892C68A2}.Release|Any CPU.Build.0 = Release|Any CPU
		{F733A503-301A-4152-AE4E-A0C107400BBA}.Debug|Any CPU.ActiveCfg = Debug|Any CPU
		{F733A503-301A-4152-AE4E-A0C107400BBA}.Debug|Any CPU.Build.0 = Debug|Any CPU
		{F733A503-301A-4152-AE4E-A0C107400BBA}.Release|Any CPU.ActiveCfg = Release|Any CPU
		{F733A503-301A-4152-AE4E-A0C107400BBA}.Release|Any CPU.Build.0 = Release|Any CPU
	EndGlobalSection
	GlobalSection(SolutionProperties) = preSolution
		HideSolutionNode = FALSE
	EndGlobalSection
	GlobalSection(ExtensibilityGlobals) = postSolution
		SolutionGuid = {66C13D85-3B05-4173-823C-A97A23E3D1D4}
	EndGlobalSection
EndGlobal
